
Microsoft Visual Studio Solution File, Format Version 12.00
# Visual Studio Version 16
VisualStudioVersion = 16.0.31410.357
MinimumVisualStudioVersion = 10.0.40219.1
Project("{FAE04EC0-301F-11D3-BF4B-00C04F79EFBC}") = "PasaLife", "PasaLife\PasaLife.csproj", "{803D7901-B745-4061-8ACC-AD50E4C6F42F}"
EndProject
Global
	GlobalSection(SolutionConfigurationPlatforms) = preSolution
		Debug|Any CPU = Debug|Any CPU
		Release|Any CPU = Release|Any CPU
	EndGlobalSection
	GlobalSection(ProjectConfigurationPlatforms) = postSolution
		{803D7901-B745-4061-8ACC-AD50E4C6F42F}.Debug|Any CPU.ActiveCfg = Debug|Any CPU
		{803D7901-B745-4061-8ACC-AD50E4C6F42F}.Debug|Any CPU.Build.0 = Debug|Any CPU
		{803D7901-B745-4061-8ACC-AD50E4C6F42F}.Release|Any CPU.ActiveCfg = Release|Any CPU
		{803D7901-B745-4061-8ACC-AD50E4C6F42F}.Release|Any CPU.Build.0 = Release|Any CPU
	EndGlobalSection
	GlobalSection(SolutionProperties) = preSolution
		HideSolutionNode = FALSE
	EndGlobalSection
	GlobalSection(ExtensibilityGlobals) = postSolution
		SolutionGuid = {566AD8C7-7092-4001-AEDB-F056F03076A0}
	EndGlobalSection
EndGlobal
